
Microsoft Visual Studio Solution File, Format Version 12.00
# Visual Studio Version 17
Project("{2150E333-8FDC-42A3-9474-1A3956D46DE8}") = "CMake", "CMake", "{F05789CB-E682-31E6-BFC0-B3A49FB1834B}"
EndProject
Project("{2150E333-8FDC-42A3-9474-1A3956D46DE8}") = "SFML", "SFML", "{38325C48-8C9B-3432-ACDB-E39E740ED07B}"
EndProject
Project("{8BC9CEB8-8B4A-11D0-8D11-00A0C91BC942}") = "ALL_BUILD", "ALL_BUILD.vcxproj", "{538B60B8-6034-3BA9-AA23-4D2351FFB83F}"
	ProjectSection(ProjectDependencies) = postProject
		{95CD824A-5D2C-30B4-BB9E-8D727208BC71} = {95CD824A-5D2C-30B4-BB9E-8D727208BC71}
		{4982683E-1A8A-3D57-8E19-33D7F8E9AC69} = {4982683E-1A8A-3D57-8E19-33D7F8E9AC69}
		{94A793C0-7E69-3F21-909A-391A9A71AA2E} = {94A793C0-7E69-3F21-909A-391A9A71AA2E}
		{7E6A74A9-9E7F-3500-B1C1-A6D296C82A06} = {7E6A74A9-9E7F-3500-B1C1-A6D296C82A06}
		{97A7819C-5AA4-35F6-9F35-AC28F78DFD4E} = {97A7819C-5AA4-35F6-9F35-AC28F78DFD4E}
		{472700C4-9023-3CC5-9620-D4CA80EAF780} = {472700C4-9023-3CC5-9620-D4CA80EAF780}
	EndProjectSection
EndProject
Project("{8BC9CEB8-8B4A-11D0-8D11-00A0C91BC942}") = "INSTALL", "INSTALL.vcxproj", "{9F42618D-DAC5-3007-9C20-465B4C1D7B08}"
	ProjectSection(ProjectDependencies) = postProject
		{538B60B8-6034-3BA9-AA23-4D2351FFB83F} = {538B60B8-6034-3BA9-AA23-4D2351FFB83F}
		{95CD824A-5D2C-30B4-BB9E-8D727208BC71} = {95CD824A-5D2C-30B4-BB9E-8D727208BC71}
	EndProjectSection
EndProject
Project("{8BC9CEB8-8B4A-11D0-8D11-00A0C91BC942}") = "PACKAGE", "PACKAGE.vcxproj", "{EE360A92-BC27-3A34-B05C-424F2E68974E}"
	ProjectSection(ProjectDependencies) = postProject
		{538B60B8-6034-3BA9-AA23-4D2351FFB83F} = {538B60B8-6034-3BA9-AA23-4D2351FFB83F}
		{95CD824A-5D2C-30B4-BB9E-8D727208BC71} = {95CD824A-5D2C-30B4-BB9E-8D727208BC71}
	EndProjectSection
EndProject
Project("{8BC9CEB8-8B4A-11D0-8D11-00A0C91BC942}") = "ZERO_CHECK", "..\\ZERO_CHECK.vcxproj", "{95CD824A-5D2C-30B4-BB9E-8D727208BC71}"
	ProjectSection(ProjectDependencies) = postProject
	EndProjectSection
EndProject
Project("{8BC9CEB8-8B4A-11D0-8D11-00A0C91BC942}") = "sfml-graphics", "src\SFML\Graphics\sfml-graphics.vcxproj", "{4982683E-1A8A-3D57-8E19-33D7F8E9AC69}"
	ProjectSection(ProjectDependencies) = postProject
		{95CD824A-5D2C-30B4-BB9E-8D727208BC71} = {95CD824A-5D2C-30B4-BB9E-8D727208BC71}
		{97A7819C-5AA4-35F6-9F35-AC28F78DFD4E} = {97A7819C-5AA4-35F6-9F35-AC28F78DFD4E}
		{472700C4-9023-3CC5-9620-D4CA80EAF780} = {472700C4-9023-3CC5-9620-D4CA80EAF780}
	EndProjectSection
EndProject
Project("{8BC9CEB8-8B4A-11D0-8D11-00A0C91BC942}") = "sfml-main", "src\SFML\Main\sfml-main.vcxproj", "{94A793C0-7E69-3F21-909A-391A9A71AA2E}"
	ProjectSection(ProjectDependencies) = postProject
		{95CD824A-5D2C-30B4-BB9E-8D727208BC71} = {95CD824A-5D2C-30B4-BB9E-8D727208BC71}
	EndProjectSection
EndProject
Project("{8BC9CEB8-8B4A-11D0-8D11-00A0C91BC942}") = "sfml-network", "src\SFML\Network\sfml-network.vcxproj", "{7E6A74A9-9E7F-3500-B1C1-A6D296C82A06}"
	ProjectSection(ProjectDependencies) = postProject
		{95CD824A-5D2C-30B4-BB9E-8D727208BC71} = {95CD824A-5D2C-30B4-BB9E-8D727208BC71}
		{97A7819C-5AA4-35F6-9F35-AC28F78DFD4E} = {97A7819C-5AA4-35F6-9F35-AC28F78DFD4E}
	EndProjectSection
EndProject
Project("{8BC9CEB8-8B4A-11D0-8D11-00A0C91BC942}") = "sfml-system", "src\SFML\System\sfml-system.vcxproj", "{97A7819C-5AA4-35F6-9F35-AC28F78DFD4E}"
	ProjectSection(ProjectDependencies) = postProject
		{95CD824A-5D2C-30B4-BB9E-8D727208BC71} = {95CD824A-5D2C-30B4-BB9E-8D727208BC71}
	EndProjectSection
EndProject
Project("{8BC9CEB8-8B4A-11D0-8D11-00A0C91BC942}") = "sfml-window", "src\SFML\Window\sfml-window.vcxproj", "{472700C4-9023-3CC5-9620-D4CA80EAF780}"
	ProjectSection(ProjectDependencies) = postProject
		{95CD824A-5D2C-30B4-BB9E-8D727208BC71} = {95CD824A-5D2C-30B4-BB9E-8D727208BC71}
		{97A7819C-5AA4-35F6-9F35-AC28F78DFD4E} = {97A7819C-5AA4-35F6-9F35-AC28F78DFD4E}
	EndProjectSection
EndProject
Global
	GlobalSection(SolutionConfigurationPlatforms) = preSolution
		Debug|x64 = Debug|x64
		Release|x64 = Release|x64
		MinSizeRel|x64 = MinSizeRel|x64
		RelWithDebInfo|x64 = RelWithDebInfo|x64
	EndGlobalSection
	GlobalSection(ProjectConfigurationPlatforms) = postSolution
		{538B60B8-6034-3BA9-AA23-4D2351FFB83F}.Debug|x64.ActiveCfg = Debug|x64
		{538B60B8-6034-3BA9-AA23-4D2351FFB83F}.Debug|x64.Build.0 = Debug|x64
		{538B60B8-6034-3BA9-AA23-4D2351FFB83F}.Release|x64.ActiveCfg = Release|x64
		{538B60B8-6034-3BA9-AA23-4D2351FFB83F}.Release|x64.Build.0 = Release|x64
		{538B60B8-6034-3BA9-AA23-4D2351FFB83F}.MinSizeRel|x64.ActiveCfg = MinSizeRel|x64
		{538B60B8-6034-3BA9-AA23-4D2351FFB83F}.MinSizeRel|x64.Build.0 = MinSizeRel|x64
		{538B60B8-6034-3BA9-AA23-4D2351FFB83F}.RelWithDebInfo|x64.ActiveCfg = RelWithDebInfo|x64
		{538B60B8-6034-3BA9-AA23-4D2351FFB83F}.RelWithDebInfo|x64.Build.0 = RelWithDebInfo|x64
		{9F42618D-DAC5-3007-9C20-465B4C1D7B08}.Debug|x64.ActiveCfg = Debug|x64
		{9F42618D-DAC5-3007-9C20-465B4C1D7B08}.Release|x64.ActiveCfg = Release|x64
		{9F42618D-DAC5-3007-9C20-465B4C1D7B08}.MinSizeRel|x64.ActiveCfg = MinSizeRel|x64
		{9F42618D-DAC5-3007-9C20-465B4C1D7B08}.RelWithDebInfo|x64.ActiveCfg = RelWithDebInfo|x64
		{EE360A92-BC27-3A34-B05C-424F2E68974E}.Debug|x64.ActiveCfg = Debug|x64
		{EE360A92-BC27-3A34-B05C-424F2E68974E}.Release|x64.ActiveCfg = Release|x64
		{EE360A92-BC27-3A34-B05C-424F2E68974E}.MinSizeRel|x64.ActiveCfg = MinSizeRel|x64
		{EE360A92-BC27-3A34-B05C-424F2E68974E}.RelWithDebInfo|x64.ActiveCfg = RelWithDebInfo|x64
		{95CD824A-5D2C-30B4-BB9E-8D727208BC71}.Debug|x64.ActiveCfg = Debug|x64
		{95CD824A-5D2C-30B4-BB9E-8D727208BC71}.Debug|x64.Build.0 = Debug|x64
		{95CD824A-5D2C-30B4-BB9E-8D727208BC71}.Release|x64.ActiveCfg = Release|x64
		{95CD824A-5D2C-30B4-BB9E-8D727208BC71}.Release|x64.Build.0 = Release|x64
		{95CD824A-5D2C-30B4-BB9E-8D727208BC71}.MinSizeRel|x64.ActiveCfg = MinSizeRel|x64
		{95CD824A-5D2C-30B4-BB9E-8D727208BC71}.MinSizeRel|x64.Build.0 = MinSizeRel|x64
		{95CD824A-5D2C-30B4-BB9E-8D727208BC71}.RelWithDebInfo|x64.ActiveCfg = RelWithDebInfo|x64
		{95CD824A-5D2C-30B4-BB9E-8D727208BC71}.RelWithDebInfo|x64.Build.0 = RelWithDebInfo|x64
		{4982683E-1A8A-3D57-8E19-33D7F8E9AC69}.Debug|x64.ActiveCfg = Debug|x64
		{4982683E-1A8A-3D57-8E19-33D7F8E9AC69}.Debug|x64.Build.0 = Debug|x64
		{4982683E-1A8A-3D57-8E19-33D7F8E9AC69}.Release|x64.ActiveCfg = Release|x64
		{4982683E-1A8A-3D57-8E19-33D7F8E9AC69}.Release|x64.Build.0 = Release|x64
		{4982683E-1A8A-3D57-8E19-33D7F8E9AC69}.MinSizeRel|x64.ActiveCfg = MinSizeRel|x64
		{4982683E-1A8A-3D57-8E19-33D7F8E9AC69}.MinSizeRel|x64.Build.0 = MinSizeRel|x64
		{4982683E-1A8A-3D57-8E19-33D7F8E9AC69}.RelWithDebInfo|x64.ActiveCfg = RelWithDebInfo|x64
		{4982683E-1A8A-3D57-8E19-33D7F8E9AC69}.RelWithDebInfo|x64.Build.0 = RelWithDebInfo|x64
		{94A793C0-7E69-3F21-909A-391A9A71AA2E}.Debug|x64.ActiveCfg = Debug|x64
		{94A793C0-7E69-3F21-909A-391A9A71AA2E}.Debug|x64.Build.0 = Debug|x64
		{94A793C0-7E69-3F21-909A-391A9A71AA2E}.Release|x64.ActiveCfg = Release|x64
		{94A793C0-7E69-3F21-909A-391A9A71AA2E}.Release|x64.Build.0 = Release|x64
		{94A793C0-7E69-3F21-909A-391A9A71AA2E}.MinSizeRel|x64.ActiveCfg = MinSizeRel|x64
		{94A793C0-7E69-3F21-909A-391A9A71AA2E}.MinSizeRel|x64.Build.0 = MinSizeRel|x64
		{94A793C0-7E69-3F21-909A-391A9A71AA2E}.RelWithDebInfo|x64.ActiveCfg = RelWithDebInfo|x64
		{94A793C0-7E69-3F21-909A-391A9A71AA2E}.RelWithDebInfo|x64.Build.0 = RelWithDebInfo|x64
		{7E6A74A9-9E7F-3500-B1C1-A6D296C82A06}.Debug|x64.ActiveCfg = Debug|x64
		{7E6A74A9-9E7F-3500-B1C1-A6D296C82A06}.Debug|x64.Build.0 = Debug|x64
		{7E6A74A9-9E7F-3500-B1C1-A6D296C82A06}.Release|x64.ActiveCfg = Release|x64
		{7E6A74A9-9E7F-3500-B1C1-A6D296C82A06}.Release|x64.Build.0 = Release|x64
		{7E6A74A9-9E7F-3500-B1C1-A6D296C82A06}.MinSizeRel|x64.ActiveCfg = MinSizeRel|x64
		{7E6A74A9-9E7F-3500-B1C1-A6D296C82A06}.MinSizeRel|x64.Build.0 = MinSizeRel|x64
		{7E6A74A9-9E7F-3500-B1C1-A6D296C82A06}.RelWithDebInfo|x64.ActiveCfg = RelWithDebInfo|x64
		{7E6A74A9-9E7F-3500-B1C1-A6D296C82A06}.RelWithDebInfo|x64.Build.0 = RelWithDebInfo|x64
		{97A7819C-5AA4-35F6-9F35-AC28F78DFD4E}.Debug|x64.ActiveCfg = Debug|x64
		{97A7819C-5AA4-35F6-9F35-AC28F78DFD4E}.Debug|x64.Build.0 = Debug|x64
		{97A7819C-5AA4-35F6-9F35-AC28F78DFD4E}.Release|x64.ActiveCfg = Release|x64
		{97A7819C-5AA4-35F6-9F35-AC28F78DFD4E}.Release|x64.Build.0 = Release|x64
		{97A7819C-5AA4-35F6-9F35-AC28F78DFD4E}.MinSizeRel|x64.ActiveCfg = MinSizeRel|x64
		{97A7819C-5AA4-35F6-9F35-AC28F78DFD4E}.MinSizeRel|x64.Build.0 = MinSizeRel|x64
		{97A7819C-5AA4-35F6-9F35-AC28F78DFD4E}.RelWithDebInfo|x64.ActiveCfg = RelWithDebInfo|x64
		{97A7819C-5AA4-35F6-9F35-AC28F78DFD4E}.RelWithDebInfo|x64.Build.0 = RelWithDebInfo|x64
		{472700C4-9023-3CC5-9620-D4CA80EAF780}.Debug|x64.ActiveCfg = Debug|x64
		{472700C4-9023-3CC5-9620-D4CA80EAF780}.Debug|x64.Build.0 = Debug|x64
		{472700C4-9023-3CC5-9620-D4CA80EAF780}.Release|x64.ActiveCfg = Release|x64
		{472700C4-9023-3CC5-9620-D4CA80EAF780}.Release|x64.Build.0 = Release|x64
		{472700C4-9023-3CC5-9620-D4CA80EAF780}.MinSizeRel|x64.ActiveCfg = MinSizeRel|x64
		{472700C4-9023-3CC5-9620-D4CA80EAF780}.MinSizeRel|x64.Build.0 = MinSizeRel|x64
		{472700C4-9023-3CC5-9620-D4CA80EAF780}.RelWithDebInfo|x64.ActiveCfg = RelWithDebInfo|x64
		{472700C4-9023-3CC5-9620-D4CA80EAF780}.RelWithDebInfo|x64.Build.0 = RelWithDebInfo|x64
	EndGlobalSection
	GlobalSection(NestedProjects) = preSolution
		{538B60B8-6034-3BA9-AA23-4D2351FFB83F} = {F05789CB-E682-31E6-BFC0-B3A49FB1834B}
		{9F42618D-DAC5-3007-9C20-465B4C1D7B08} = {F05789CB-E682-31E6-BFC0-B3A49FB1834B}
		{EE360A92-BC27-3A34-B05C-424F2E68974E} = {F05789CB-E682-31E6-BFC0-B3A49FB1834B}
		{95CD824A-5D2C-30B4-BB9E-8D727208BC71} = {F05789CB-E682-31E6-BFC0-B3A49FB1834B}
		{4982683E-1A8A-3D57-8E19-33D7F8E9AC69} = {38325C48-8C9B-3432-ACDB-E39E740ED07B}
		{94A793C0-7E69-3F21-909A-391A9A71AA2E} = {38325C48-8C9B-3432-ACDB-E39E740ED07B}
		{7E6A74A9-9E7F-3500-B1C1-A6D296C82A06} = {38325C48-8C9B-3432-ACDB-E39E740ED07B}
		{97A7819C-5AA4-35F6-9F35-AC28F78DFD4E} = {38325C48-8C9B-3432-ACDB-E39E740ED07B}
		{472700C4-9023-3CC5-9620-D4CA80EAF780} = {38325C48-8C9B-3432-ACDB-E39E740ED07B}
	EndGlobalSection
	GlobalSection(ExtensibilityGlobals) = postSolution
		SolutionGuid = {067B3DE9-E5AD-3DAB-B160-41DA79583A42}
	EndGlobalSection
	GlobalSection(ExtensibilityAddIns) = postSolution
	EndGlobalSection
EndGlobal
