<?xml version="1.0" encoding="utf-8"?>
<Project ToolsVersion="17.0" xmlns="http://schemas.microsoft.com/developer/msbuild/2003">
  <ItemGroup>
    <CustomBuild Include="C:\Users\ddbra\Documents\Dylan\CodeSamples\Centipede Game\CMakeFiles\00bf52d9e49134ce703a858102f1f8d7\INSTALL_force.rule">
      <Filter>CMake Rules</Filter>
    </CustomBuild>
  </ItemGroup>
  <ItemGroup>
    <Filter Include="CMake Rules">
      <UniqueIdentifier>{42A56F77-E808-34C6-B695-606216151173}</UniqueIdentifier>
    </Filter>
  </ItemGroup>
</Project>
